PODS:
  - SwiftGen (6.1.0)
  - TimedSilver (1.1.0)

DEPENDENCIES:
  - SwiftGen
  - TimedSilver (= 1.1.0)

SPEC REPOS:
  https://github.com/cocoapods/specs.git:
    - SwiftGen
    - TimedSilver

SPEC CHECKSUMS:
  SwiftGen: f872ca75cbd17bf7103c17f13dcfa0d9a15667b0
  TimedSilver: 07e6e9098989104d558801371c05f64bcaf354f5

PODFILE CHECKSUM: 6de004fda957221e5290c99870fd4821257df869

COCOAPODS: 1.7.0
